{
    "_meta": {
        "hash": {
            "sha256": "8a24adc5c4656cd0480e31a4c39ca2f8dd5a6fc666072f9bb786ae09298a7f88"
        },
        "pipfile-spec": 6,
        "requires": {
            "python_version": "3.8"
        },
        "sources": [
            {
                "name": "pypi",
                "url": "https://pypi.org/simple",
                "verify_ssl": true
            }
        ]
    },
    "default": {
        "cachetools": {
            "hashes": [
                "sha256:086ee420196f7b2ab9ca2db2520aca326318b68fe5ba8bc4d49cca91add450f2",
                "sha256:861f35a13a451f94e301ce2bec7cac63e881232ccce7ed67fab9b5df4d3beaa1"
            ],
            "index": "pypi",
            "markers": "python_version >= '3.7'",
            "version": "==5.3.2"
        }
    },
    "develop": {}
}
